
Microsoft Visual Studio Solution File, Format Version 11.00
# Visual Studio 2010
Project("{8BC9CEB8-8B4A-11D0-8D11-00A0C91BC942}") = "Asn1Decode", "Asn1Decode.vcxproj", "{0CCC31C4-AE5C-43AF-852E-24D2FA871DE6}"
EndProject
Global
	GlobalSection(SolutionConfigurationPlatforms) = preSolution
		Debug|Win32 = Debug|Win32
		Release|Win32 = Release|Win32
	EndGlobalSection
	GlobalSection(ProjectConfigurationPlatforms) = postSolution
		{0CCC31C4-AE5C-43AF-852E-24D2FA871DE6}.Debug|Win32.ActiveCfg = Debug|Win32
		{0CCC31C4-AE5C-43AF-852E-24D2FA871DE6}.Debug|Win32.Build.0 = Debug|Win32
		{0CCC31C4-AE5C-43AF-852E-24D2FA871DE6}.Release|Win32.ActiveCfg = Release|Win32
		{0CCC31C4-AE5C-43AF-852E-24D2FA871DE6}.Release|Win32.Build.0 = Release|Win32
	EndGlobalSection
	GlobalSection(SolutionProperties) = preSolution
		HideSolutionNode = FALSE
	EndGlobalSection
EndGlobal
