
Microsoft Visual Studio Solution File, Format Version 12.00
# Visual Studio 14
VisualStudioVersion = 14.0.25420.1
MinimumVisualStudioVersion = 10.0.40219.1
Project("{2150E333-8FDC-42A3-9474-1A3956D46DE8}") = "Chart", "Chart", "{CA0EE529-842C-4A19-9E2E-0BDE267EDDBA}"
EndProject
Project("{2150E333-8FDC-42A3-9474-1A3956D46DE8}") = "Message", "Message", "{F3A714C8-2F67-4D68-AB27-B38C9A66E003}"
EndProject
Project("{2150E333-8FDC-42A3-9474-1A3956D46DE8}") = "UI", "UI", "{C6FBF87E-C3A1-4656-B435-B3DECDEF885D}"
EndProject
Project("{2150E333-8FDC-42A3-9474-1A3956D46DE8}") = "ChartCore", "ChartCore", "{6F34D9FC-C7E9-41EC-8E8F-331DAF986B32}"
EndProject
Project("{FAE04EC0-301F-11D3-BF4B-00C04F79EFBC}") = "SCMTMainWindow", "MainWindow\SCMTMainWindow.csproj", "{317DC3C4-6C5C-4EF2-829F-E5B3CE2E6575}"
EndProject
Project("{FAE04EC0-301F-11D3-BF4B-00C04F79EFBC}") = "SnmpMessage", "Message\SnmpMessage\SnmpMessage.csproj", "{E7CEB301-3A34-49D2-AA69-E3963DD1AC21}"
EndProject
Project("{FAE04EC0-301F-11D3-BF4B-00C04F79EFBC}") = "Specialized3DChart", "UI\Chart\3DChart\Specialized3DChart.csproj", "{14DE85F2-4FA8-4BA5-AD44-68A7401F1BBE}"
EndProject
Project("{FAE04EC0-301F-11D3-BF4B-00C04F79EFBC}") = "FlowChart", "UI\Chart\FlowChart\FlowChart.csproj", "{8EBE8C08-D5D9-4F98-930F-D930C19A44B3}"
EndProject
Project("{FAE04EC0-301F-11D3-BF4B-00C04F79EFBC}") = "LineChart", "UI\Chart\LineChart\LineChart.csproj", "{736FD4F8-936F-46E9-A766-C9937F359E3A}"
EndProject
Project("{FAE04EC0-301F-11D3-BF4B-00C04F79EFBC}") = "UICore", "UI\WPFView\UICore.csproj", "{F5DBBC65-F7D3-4A0D-8A9F-3DAFD3DEB7ED}"
EndProject
Project("{FAE04EC0-301F-11D3-BF4B-00C04F79EFBC}") = "Core40", "UI\ChartCore\Core40\Core40.csproj", "{F261C3D7-6194-4625-9516-044081B06028}"
EndProject
Project("{FAE04EC0-301F-11D3-BF4B-00C04F79EFBC}") = "WpfView", "UI\ChartCore\WpfView\WpfView.csproj", "{4D253423-AE05-47F6-A59D-9162EC0BB1F2}"
EndProject
Project("{2150E333-8FDC-42A3-9474-1A3956D46DE8}") = "Control", "Control", "{59AC42EA-D105-4CF9-81EE-85C1092F6649}"
EndProject
Project("{FAE04EC0-301F-11D3-BF4B-00C04F79EFBC}") = "SCMTOperationCore", "Control\SCMTOperationCore\SCMTOperationCore.csproj", "{5BF0EE4E-8220-4E2A-AF99-53246FF970A2}"
EndProject
Project("{FAE04EC0-301F-11D3-BF4B-00C04F79EFBC}") = "TryConsole", "Control\Experiment\TryConsole\TryConsole.csproj", "{E276A704-D582-4CA9-9A27-5F324371F4D5}"
EndProject
Project("{2150E333-8FDC-42A3-9474-1A3956D46DE8}") = "NetPlanCore", "NetPlanCore", "{C798E029-A9D0-4A1C-96C6-CA0A57A5A6FC}"
EndProject
Project("{2150E333-8FDC-42A3-9474-1A3956D46DE8}") = "NetPlan", "NetPlan", "{01DC9DF9-68AF-40CC-BCA6-6249D9F71ABC}"
EndProject
Project("{FAE04EC0-301F-11D3-BF4B-00C04F79EFBC}") = "SnmpWindow", "Control\Experiment\SnmpWindow\SnmpWindow.csproj", "{F05BB468-E359-41A7-937A-7849C16DD5A6}"
EndProject
Project("{FAE04EC0-301F-11D3-BF4B-00C04F79EFBC}") = "FileManager", "Control\FileManager\FileManager.csproj", "{F8BE0744-6799-4C05-A204-9C4BA378A73D}"
EndProject
Project("{FAE04EC0-301F-11D3-BF4B-00C04F79EFBC}") = "MibParser", "Control\MibParser\MibParser.csproj", "{234284C4-374C-46F4-89C5-049053BC1820}"
EndProject
Project("{FAE04EC0-301F-11D3-BF4B-00C04F79EFBC}") = "JsonParser", "Control\JsonParser\JsonParser.csproj", "{DC985DCF-9F2D-405F-BBC8-CDAF33537B9D}"
EndProject
Project("{FAE04EC0-301F-11D3-BF4B-00C04F79EFBC}") = "ChartLog", "Control\ChartLog\ChartLog.csproj", "{09BB258F-4A86-4546-A2A6-BB5E6F2DB67F}"
EndProject
Project("{FAE04EC0-301F-11D3-BF4B-00C04F79EFBC}") = "LogManager", "Control\LogManager\LogManager.csproj", "{B42DA179-3976-44A1-A54F-0B5E0046DDBC}"
EndProject
Project("{FAE04EC0-301F-11D3-BF4B-00C04F79EFBC}") = "AtpMessage", "Message\AtpMessage\AtpMessage.csproj", "{47E80563-D3E6-4039-BD2B-63480BBD0525}"
EndProject
Global
	GlobalSection(SolutionConfigurationPlatforms) = preSolution
		Debug|Any CPU = Debug|Any CPU
		Debug|x86 = Debug|x86
		Release|Any CPU = Release|Any CPU
		Release|x86 = Release|x86
	EndGlobalSection
	GlobalSection(ProjectConfigurationPlatforms) = postSolution
		{317DC3C4-6C5C-4EF2-829F-E5B3CE2E6575}.Debug|Any CPU.ActiveCfg = Debug|Any CPU
		{317DC3C4-6C5C-4EF2-829F-E5B3CE2E6575}.Debug|Any CPU.Build.0 = Debug|Any CPU
		{317DC3C4-6C5C-4EF2-829F-E5B3CE2E6575}.Debug|x86.ActiveCfg = Debug|Any CPU
		{317DC3C4-6C5C-4EF2-829F-E5B3CE2E6575}.Debug|x86.Build.0 = Debug|Any CPU
		{317DC3C4-6C5C-4EF2-829F-E5B3CE2E6575}.Release|Any CPU.ActiveCfg = Release|Any CPU
		{317DC3C4-6C5C-4EF2-829F-E5B3CE2E6575}.Release|Any CPU.Build.0 = Release|Any CPU
		{317DC3C4-6C5C-4EF2-829F-E5B3CE2E6575}.Release|x86.ActiveCfg = Release|Any CPU
		{317DC3C4-6C5C-4EF2-829F-E5B3CE2E6575}.Release|x86.Build.0 = Release|Any CPU
		{E7CEB301-3A34-49D2-AA69-E3963DD1AC21}.Debug|Any CPU.ActiveCfg = Debug|Any CPU
		{E7CEB301-3A34-49D2-AA69-E3963DD1AC21}.Debug|Any CPU.Build.0 = Debug|Any CPU
		{E7CEB301-3A34-49D2-AA69-E3963DD1AC21}.Debug|x86.ActiveCfg = Debug|Any CPU
		{E7CEB301-3A34-49D2-AA69-E3963DD1AC21}.Debug|x86.Build.0 = Debug|Any CPU
		{E7CEB301-3A34-49D2-AA69-E3963DD1AC21}.Release|Any CPU.ActiveCfg = Release|Any CPU
		{E7CEB301-3A34-49D2-AA69-E3963DD1AC21}.Release|Any CPU.Build.0 = Release|Any CPU
		{E7CEB301-3A34-49D2-AA69-E3963DD1AC21}.Release|x86.ActiveCfg = Release|Any CPU
		{E7CEB301-3A34-49D2-AA69-E3963DD1AC21}.Release|x86.Build.0 = Release|Any CPU
		{14DE85F2-4FA8-4BA5-AD44-68A7401F1BBE}.Debug|Any CPU.ActiveCfg = Debug|Any CPU
		{14DE85F2-4FA8-4BA5-AD44-68A7401F1BBE}.Debug|Any CPU.Build.0 = Debug|Any CPU
		{14DE85F2-4FA8-4BA5-AD44-68A7401F1BBE}.Debug|x86.ActiveCfg = Debug|Any CPU
		{14DE85F2-4FA8-4BA5-AD44-68A7401F1BBE}.Debug|x86.Build.0 = Debug|Any CPU
		{14DE85F2-4FA8-4BA5-AD44-68A7401F1BBE}.Release|Any CPU.ActiveCfg = Release|Any CPU
		{14DE85F2-4FA8-4BA5-AD44-68A7401F1BBE}.Release|Any CPU.Build.0 = Release|Any CPU
		{14DE85F2-4FA8-4BA5-AD44-68A7401F1BBE}.Release|x86.ActiveCfg = Release|Any CPU
		{14DE85F2-4FA8-4BA5-AD44-68A7401F1BBE}.Release|x86.Build.0 = Release|Any CPU
		{8EBE8C08-D5D9-4F98-930F-D930C19A44B3}.Debug|Any CPU.ActiveCfg = Debug|Any CPU
		{8EBE8C08-D5D9-4F98-930F-D930C19A44B3}.Debug|Any CPU.Build.0 = Debug|Any CPU
		{8EBE8C08-D5D9-4F98-930F-D930C19A44B3}.Debug|x86.ActiveCfg = Debug|Any CPU
		{8EBE8C08-D5D9-4F98-930F-D930C19A44B3}.Debug|x86.Build.0 = Debug|Any CPU
		{8EBE8C08-D5D9-4F98-930F-D930C19A44B3}.Release|Any CPU.ActiveCfg = Release|Any CPU
		{8EBE8C08-D5D9-4F98-930F-D930C19A44B3}.Release|Any CPU.Build.0 = Release|Any CPU
		{8EBE8C08-D5D9-4F98-930F-D930C19A44B3}.Release|x86.ActiveCfg = Release|Any CPU
		{8EBE8C08-D5D9-4F98-930F-D930C19A44B3}.Release|x86.Build.0 = Release|Any CPU
		{736FD4F8-936F-46E9-A766-C9937F359E3A}.Debug|Any CPU.ActiveCfg = Debug|Any CPU
		{736FD4F8-936F-46E9-A766-C9937F359E3A}.Debug|Any CPU.Build.0 = Debug|Any CPU
		{736FD4F8-936F-46E9-A766-C9937F359E3A}.Debug|x86.ActiveCfg = Debug|Any CPU
		{736FD4F8-936F-46E9-A766-C9937F359E3A}.Debug|x86.Build.0 = Debug|Any CPU
		{736FD4F8-936F-46E9-A766-C9937F359E3A}.Release|Any CPU.ActiveCfg = Release|Any CPU
		{736FD4F8-936F-46E9-A766-C9937F359E3A}.Release|Any CPU.Build.0 = Release|Any CPU
		{736FD4F8-936F-46E9-A766-C9937F359E3A}.Release|x86.ActiveCfg = Release|Any CPU
		{736FD4F8-936F-46E9-A766-C9937F359E3A}.Release|x86.Build.0 = Release|Any CPU
		{F5DBBC65-F7D3-4A0D-8A9F-3DAFD3DEB7ED}.Debug|Any CPU.ActiveCfg = Debug|Any CPU
		{F5DBBC65-F7D3-4A0D-8A9F-3DAFD3DEB7ED}.Debug|Any CPU.Build.0 = Debug|Any CPU
		{F5DBBC65-F7D3-4A0D-8A9F-3DAFD3DEB7ED}.Debug|x86.ActiveCfg = Debug|Any CPU
		{F5DBBC65-F7D3-4A0D-8A9F-3DAFD3DEB7ED}.Debug|x86.Build.0 = Debug|Any CPU
		{F5DBBC65-F7D3-4A0D-8A9F-3DAFD3DEB7ED}.Release|Any CPU.ActiveCfg = Release|Any CPU
		{F5DBBC65-F7D3-4A0D-8A9F-3DAFD3DEB7ED}.Release|Any CPU.Build.0 = Release|Any CPU
		{F5DBBC65-F7D3-4A0D-8A9F-3DAFD3DEB7ED}.Release|x86.ActiveCfg = Release|Any CPU
		{F5DBBC65-F7D3-4A0D-8A9F-3DAFD3DEB7ED}.Release|x86.Build.0 = Release|Any CPU
		{F261C3D7-6194-4625-9516-044081B06028}.Debug|Any CPU.ActiveCfg = Debug|Any CPU
		{F261C3D7-6194-4625-9516-044081B06028}.Debug|Any CPU.Build.0 = Debug|Any CPU
		{F261C3D7-6194-4625-9516-044081B06028}.Debug|x86.ActiveCfg = Debug|Any CPU
		{F261C3D7-6194-4625-9516-044081B06028}.Debug|x86.Build.0 = Debug|Any CPU
		{F261C3D7-6194-4625-9516-044081B06028}.Release|Any CPU.ActiveCfg = Release|Any CPU
		{F261C3D7-6194-4625-9516-044081B06028}.Release|Any CPU.Build.0 = Release|Any CPU
		{F261C3D7-6194-4625-9516-044081B06028}.Release|x86.ActiveCfg = Release|Any CPU
		{F261C3D7-6194-4625-9516-044081B06028}.Release|x86.Build.0 = Release|Any CPU
		{4D253423-AE05-47F6-A59D-9162EC0BB1F2}.Debug|Any CPU.ActiveCfg = Debug|Any CPU
		{4D253423-AE05-47F6-A59D-9162EC0BB1F2}.Debug|Any CPU.Build.0 = Debug|Any CPU
		{4D253423-AE05-47F6-A59D-9162EC0BB1F2}.Debug|x86.ActiveCfg = Debug|Any CPU
		{4D253423-AE05-47F6-A59D-9162EC0BB1F2}.Debug|x86.Build.0 = Debug|Any CPU
		{4D253423-AE05-47F6-A59D-9162EC0BB1F2}.Release|Any CPU.ActiveCfg = Release|Any CPU
		{4D253423-AE05-47F6-A59D-9162EC0BB1F2}.Release|Any CPU.Build.0 = Release|Any CPU
		{4D253423-AE05-47F6-A59D-9162EC0BB1F2}.Release|x86.ActiveCfg = Release|Any CPU
		{4D253423-AE05-47F6-A59D-9162EC0BB1F2}.Release|x86.Build.0 = Release|Any CPU
		{5BF0EE4E-8220-4E2A-AF99-53246FF970A2}.Debug|Any CPU.ActiveCfg = Debug|Any CPU
		{5BF0EE4E-8220-4E2A-AF99-53246FF970A2}.Debug|Any CPU.Build.0 = Debug|Any CPU
		{5BF0EE4E-8220-4E2A-AF99-53246FF970A2}.Debug|x86.ActiveCfg = Debug|Any CPU
		{5BF0EE4E-8220-4E2A-AF99-53246FF970A2}.Debug|x86.Build.0 = Debug|Any CPU
		{5BF0EE4E-8220-4E2A-AF99-53246FF970A2}.Release|Any CPU.ActiveCfg = Release|Any CPU
		{5BF0EE4E-8220-4E2A-AF99-53246FF970A2}.Release|Any CPU.Build.0 = Release|Any CPU
		{5BF0EE4E-8220-4E2A-AF99-53246FF970A2}.Release|x86.ActiveCfg = Release|Any CPU
		{5BF0EE4E-8220-4E2A-AF99-53246FF970A2}.Release|x86.Build.0 = Release|Any CPU
		{E276A704-D582-4CA9-9A27-5F324371F4D5}.Debug|Any CPU.ActiveCfg = Debug|Any CPU
		{E276A704-D582-4CA9-9A27-5F324371F4D5}.Debug|Any CPU.Build.0 = Debug|Any CPU
		{E276A704-D582-4CA9-9A27-5F324371F4D5}.Debug|x86.ActiveCfg = Debug|Any CPU
		{E276A704-D582-4CA9-9A27-5F324371F4D5}.Debug|x86.Build.0 = Debug|Any CPU
		{E276A704-D582-4CA9-9A27-5F324371F4D5}.Release|Any CPU.ActiveCfg = Release|Any CPU
		{E276A704-D582-4CA9-9A27-5F324371F4D5}.Release|Any CPU.Build.0 = Release|Any CPU
		{E276A704-D582-4CA9-9A27-5F324371F4D5}.Release|x86.ActiveCfg = Release|Any CPU
		{E276A704-D582-4CA9-9A27-5F324371F4D5}.Release|x86.Build.0 = Release|Any CPU
		{F05BB468-E359-41A7-937A-7849C16DD5A6}.Debug|Any CPU.ActiveCfg = Debug|Any CPU
		{F05BB468-E359-41A7-937A-7849C16DD5A6}.Debug|Any CPU.Build.0 = Debug|Any CPU
		{F05BB468-E359-41A7-937A-7849C16DD5A6}.Debug|x86.ActiveCfg = Debug|Any CPU
		{F05BB468-E359-41A7-937A-7849C16DD5A6}.Debug|x86.Build.0 = Debug|Any CPU
		{F05BB468-E359-41A7-937A-7849C16DD5A6}.Release|Any CPU.ActiveCfg = Release|Any CPU
		{F05BB468-E359-41A7-937A-7849C16DD5A6}.Release|Any CPU.Build.0 = Release|Any CPU
		{F05BB468-E359-41A7-937A-7849C16DD5A6}.Release|x86.ActiveCfg = Release|Any CPU
		{F05BB468-E359-41A7-937A-7849C16DD5A6}.Release|x86.Build.0 = Release|Any CPU
		{F8BE0744-6799-4C05-A204-9C4BA378A73D}.Debug|Any CPU.ActiveCfg = Debug|Any CPU
		{F8BE0744-6799-4C05-A204-9C4BA378A73D}.Debug|Any CPU.Build.0 = Debug|Any CPU
		{F8BE0744-6799-4C05-A204-9C4BA378A73D}.Debug|x86.ActiveCfg = Debug|Any CPU
		{F8BE0744-6799-4C05-A204-9C4BA378A73D}.Debug|x86.Build.0 = Debug|Any CPU
		{F8BE0744-6799-4C05-A204-9C4BA378A73D}.Release|Any CPU.ActiveCfg = Release|Any CPU
		{F8BE0744-6799-4C05-A204-9C4BA378A73D}.Release|Any CPU.Build.0 = Release|Any CPU
		{F8BE0744-6799-4C05-A204-9C4BA378A73D}.Release|x86.ActiveCfg = Release|Any CPU
		{F8BE0744-6799-4C05-A204-9C4BA378A73D}.Release|x86.Build.0 = Release|Any CPU
		{234284C4-374C-46F4-89C5-049053BC1820}.Debug|Any CPU.ActiveCfg = Debug|Any CPU
		{234284C4-374C-46F4-89C5-049053BC1820}.Debug|Any CPU.Build.0 = Debug|Any CPU
		{234284C4-374C-46F4-89C5-049053BC1820}.Debug|x86.ActiveCfg = Debug|Any CPU
		{234284C4-374C-46F4-89C5-049053BC1820}.Debug|x86.Build.0 = Debug|Any CPU
		{234284C4-374C-46F4-89C5-049053BC1820}.Release|Any CPU.ActiveCfg = Release|Any CPU
		{234284C4-374C-46F4-89C5-049053BC1820}.Release|Any CPU.Build.0 = Release|Any CPU
		{234284C4-374C-46F4-89C5-049053BC1820}.Release|x86.ActiveCfg = Release|Any CPU
		{234284C4-374C-46F4-89C5-049053BC1820}.Release|x86.Build.0 = Release|Any CPU
		{DC985DCF-9F2D-405F-BBC8-CDAF33537B9D}.Debug|Any CPU.ActiveCfg = Debug|Any CPU
		{DC985DCF-9F2D-405F-BBC8-CDAF33537B9D}.Debug|Any CPU.Build.0 = Debug|Any CPU
		{DC985DCF-9F2D-405F-BBC8-CDAF33537B9D}.Debug|x86.ActiveCfg = Debug|Any CPU
		{DC985DCF-9F2D-405F-BBC8-CDAF33537B9D}.Debug|x86.Build.0 = Debug|Any CPU
		{DC985DCF-9F2D-405F-BBC8-CDAF33537B9D}.Release|Any CPU.ActiveCfg = Release|Any CPU
		{DC985DCF-9F2D-405F-BBC8-CDAF33537B9D}.Release|Any CPU.Build.0 = Release|Any CPU
		{DC985DCF-9F2D-405F-BBC8-CDAF33537B9D}.Release|x86.ActiveCfg = Release|Any CPU
		{DC985DCF-9F2D-405F-BBC8-CDAF33537B9D}.Release|x86.Build.0 = Release|Any CPU
		{09BB258F-4A86-4546-A2A6-BB5E6F2DB67F}.Debug|Any CPU.ActiveCfg = Debug|Any CPU
		{09BB258F-4A86-4546-A2A6-BB5E6F2DB67F}.Debug|Any CPU.Build.0 = Debug|Any CPU
		{09BB258F-4A86-4546-A2A6-BB5E6F2DB67F}.Debug|x86.ActiveCfg = Debug|Any CPU
		{09BB258F-4A86-4546-A2A6-BB5E6F2DB67F}.Debug|x86.Build.0 = Debug|Any CPU
		{09BB258F-4A86-4546-A2A6-BB5E6F2DB67F}.Release|Any CPU.ActiveCfg = Release|Any CPU
		{09BB258F-4A86-4546-A2A6-BB5E6F2DB67F}.Release|Any CPU.Build.0 = Release|Any CPU
		{09BB258F-4A86-4546-A2A6-BB5E6F2DB67F}.Release|x86.ActiveCfg = Release|Any CPU
		{09BB258F-4A86-4546-A2A6-BB5E6F2DB67F}.Release|x86.Build.0 = Release|Any CPU
		{B42DA179-3976-44A1-A54F-0B5E0046DDBC}.Debug|Any CPU.ActiveCfg = Debug|Any CPU
		{B42DA179-3976-44A1-A54F-0B5E0046DDBC}.Debug|Any CPU.Build.0 = Debug|Any CPU
		{B42DA179-3976-44A1-A54F-0B5E0046DDBC}.Debug|x86.ActiveCfg = Debug|Any CPU
		{B42DA179-3976-44A1-A54F-0B5E0046DDBC}.Debug|x86.Build.0 = Debug|Any CPU
		{B42DA179-3976-44A1-A54F-0B5E0046DDBC}.Release|Any CPU.ActiveCfg = Release|Any CPU
		{B42DA179-3976-44A1-A54F-0B5E0046DDBC}.Release|Any CPU.Build.0 = Release|Any CPU
		{B42DA179-3976-44A1-A54F-0B5E0046DDBC}.Release|x86.ActiveCfg = Release|Any CPU
		{B42DA179-3976-44A1-A54F-0B5E0046DDBC}.Release|x86.Build.0 = Release|Any CPU
		{47E80563-D3E6-4039-BD2B-63480BBD0525}.Debug|Any CPU.ActiveCfg = Debug|Any CPU
		{47E80563-D3E6-4039-BD2B-63480BBD0525}.Debug|Any CPU.Build.0 = Debug|Any CPU
		{47E80563-D3E6-4039-BD2B-63480BBD0525}.Debug|x86.ActiveCfg = Debug|Any CPU
		{47E80563-D3E6-4039-BD2B-63480BBD0525}.Debug|x86.Build.0 = Debug|Any CPU
		{47E80563-D3E6-4039-BD2B-63480BBD0525}.Release|Any CPU.ActiveCfg = Release|Any CPU
		{47E80563-D3E6-4039-BD2B-63480BBD0525}.Release|Any CPU.Build.0 = Release|Any CPU
		{47E80563-D3E6-4039-BD2B-63480BBD0525}.Release|x86.ActiveCfg = Release|Any CPU
		{47E80563-D3E6-4039-BD2B-63480BBD0525}.Release|x86.Build.0 = Release|Any CPU
	EndGlobalSection
	GlobalSection(SolutionProperties) = preSolution
		HideSolutionNode = FALSE
	EndGlobalSection
	GlobalSection(NestedProjects) = preSolution
		{CA0EE529-842C-4A19-9E2E-0BDE267EDDBA} = {C6FBF87E-C3A1-4656-B435-B3DECDEF885D}
		{6F34D9FC-C7E9-41EC-8E8F-331DAF986B32} = {C6FBF87E-C3A1-4656-B435-B3DECDEF885D}
		{E7CEB301-3A34-49D2-AA69-E3963DD1AC21} = {F3A714C8-2F67-4D68-AB27-B38C9A66E003}
		{14DE85F2-4FA8-4BA5-AD44-68A7401F1BBE} = {CA0EE529-842C-4A19-9E2E-0BDE267EDDBA}
		{8EBE8C08-D5D9-4F98-930F-D930C19A44B3} = {CA0EE529-842C-4A19-9E2E-0BDE267EDDBA}
		{736FD4F8-936F-46E9-A766-C9937F359E3A} = {CA0EE529-842C-4A19-9E2E-0BDE267EDDBA}
		{F5DBBC65-F7D3-4A0D-8A9F-3DAFD3DEB7ED} = {C6FBF87E-C3A1-4656-B435-B3DECDEF885D}
		{F261C3D7-6194-4625-9516-044081B06028} = {6F34D9FC-C7E9-41EC-8E8F-331DAF986B32}
		{4D253423-AE05-47F6-A59D-9162EC0BB1F2} = {6F34D9FC-C7E9-41EC-8E8F-331DAF986B32}
		{5BF0EE4E-8220-4E2A-AF99-53246FF970A2} = {59AC42EA-D105-4CF9-81EE-85C1092F6649}
		{E276A704-D582-4CA9-9A27-5F324371F4D5} = {59AC42EA-D105-4CF9-81EE-85C1092F6649}
		{C798E029-A9D0-4A1C-96C6-CA0A57A5A6FC} = {C6FBF87E-C3A1-4656-B435-B3DECDEF885D}
		{01DC9DF9-68AF-40CC-BCA6-6249D9F71ABC} = {C6FBF87E-C3A1-4656-B435-B3DECDEF885D}
		{F05BB468-E359-41A7-937A-7849C16DD5A6} = {59AC42EA-D105-4CF9-81EE-85C1092F6649}
		{F8BE0744-6799-4C05-A204-9C4BA378A73D} = {59AC42EA-D105-4CF9-81EE-85C1092F6649}
		{234284C4-374C-46F4-89C5-049053BC1820} = {59AC42EA-D105-4CF9-81EE-85C1092F6649}
		{DC985DCF-9F2D-405F-BBC8-CDAF33537B9D} = {59AC42EA-D105-4CF9-81EE-85C1092F6649}
		{09BB258F-4A86-4546-A2A6-BB5E6F2DB67F} = {59AC42EA-D105-4CF9-81EE-85C1092F6649}
		{B42DA179-3976-44A1-A54F-0B5E0046DDBC} = {59AC42EA-D105-4CF9-81EE-85C1092F6649}
		{47E80563-D3E6-4039-BD2B-63480BBD0525} = {F3A714C8-2F67-4D68-AB27-B38C9A66E003}
	EndGlobalSection
EndGlobal
