
Microsoft Visual Studio Solution File, Format Version 12.00
# Visual Studio 14
VisualStudioVersion = 14.0.25420.1
MinimumVisualStudioVersion = 10.0.40219.1
Project("{2150E333-8FDC-42A3-9474-1A3956D46DE8}") = "Message", "Message", "{F3A714C8-2F67-4D68-AB27-B38C9A66E003}"
EndProject
Project("{2150E333-8FDC-42A3-9474-1A3956D46DE8}") = "UI", "UI", "{C6FBF87E-C3A1-4656-B435-B3DECDEF885D}"
EndProject
Project("{FAE04EC0-301F-11D3-BF4B-00C04F79EFBC}") = "SCMTMainWindow", "MainWindow\SCMTMainWindow.csproj", "{317DC3C4-6C5C-4EF2-829F-E5B3CE2E6575}"
EndProject
Project("{FAE04EC0-301F-11D3-BF4B-00C04F79EFBC}") = "SnmpMessage", "Message\SnmpMessage\SnmpMessage.csproj", "{E7CEB301-3A34-49D2-AA69-E3963DD1AC21}"
EndProject
Project("{FAE04EC0-301F-11D3-BF4B-00C04F79EFBC}") = "UICore", "UI\WPFView\UICore.csproj", "{F5DBBC65-F7D3-4A0D-8A9F-3DAFD3DEB7ED}"
EndProject
Project("{2150E333-8FDC-42A3-9474-1A3956D46DE8}") = "Control", "Control", "{59AC42EA-D105-4CF9-81EE-85C1092F6649}"
EndProject
Project("{FAE04EC0-301F-11D3-BF4B-00C04F79EFBC}") = "SCMTOperationCore", "Control\SCMTOperationCore\SCMTOperationCore.csproj", "{5BF0EE4E-8220-4E2A-AF99-53246FF970A2}"
EndProject
Project("{FAE04EC0-301F-11D3-BF4B-00C04F79EFBC}") = "TryConsole", "Control\Experiment\TryConsole\TryConsole.csproj", "{E276A704-D582-4CA9-9A27-5F324371F4D5}"
EndProject
Project("{FAE04EC0-301F-11D3-BF4B-00C04F79EFBC}") = "JsonParser", "Control\JsonParser\JsonParser.csproj", "{DC985DCF-9F2D-405F-BBC8-CDAF33537B9D}"
EndProject
Project("{FAE04EC0-301F-11D3-BF4B-00C04F79EFBC}") = "ChartLog", "Control\ChartLog\ChartLog.csproj", "{09BB258F-4A86-4546-A2A6-BB5E6F2DB67F}"
EndProject
Project("{FAE04EC0-301F-11D3-BF4B-00C04F79EFBC}") = "LogManager", "Control\LogManager\LogManager.csproj", "{B42DA179-3976-44A1-A54F-0B5E0046DDBC}"
EndProject
Project("{FAE04EC0-301F-11D3-BF4B-00C04F79EFBC}") = "AtpMessage", "Message\AtpMessage\AtpMessage.csproj", "{47E80563-D3E6-4039-BD2B-63480BBD0525}"
EndProject
Project("{2150E333-8FDC-42A3-9474-1A3956D46DE8}") = "Chart_JS", "Chart_JS", "{4D004F37-3F66-49CC-8614-AFCAB9606B6C}"
	ProjectSection(SolutionItems) = preProject
		UI\Chart\LineChart_JS\echarts.min.js = UI\Chart\LineChart_JS\echarts.min.js
		UI\Chart\LineChart_JS\LineChart.html = UI\Chart\LineChart_JS\LineChart.html
	EndProjectSection
EndProject
Project("{2150E333-8FDC-42A3-9474-1A3956D46DE8}") = "DockPanel", "DockPanel", "{892A652C-CEE9-4641-A9D7-FF4828A648A5}"
EndProject
Project("{FAE04EC0-301F-11D3-BF4B-00C04F79EFBC}") = "Xceed.Wpf.AvalonDock", "UI\DockPanel\Xceed.Wpf.AvalonDock\Xceed.Wpf.AvalonDock.csproj", "{DB81988F-E0F2-45A0-A1FD-8C37F3D35244}"
EndProject
Project("{FAE04EC0-301F-11D3-BF4B-00C04F79EFBC}") = "Xceed.Wpf.AvalonDock.Themes.Aero", "UI\DockPanel\Xceed.Wpf.AvalonDock.Themes.Aero\Xceed.Wpf.AvalonDock.Themes.Aero.csproj", "{BA72CCE0-A9FB-4995-B496-7FEC5C87B85B}"
EndProject
Project("{FAE04EC0-301F-11D3-BF4B-00C04F79EFBC}") = "Xceed.Wpf.AvalonDock.Themes.Metro", "UI\DockPanel\Xceed.Wpf.AvalonDock.Themes.Metro\Xceed.Wpf.AvalonDock.Themes.Metro.csproj", "{89286EB4-B4A1-418C-839A-067B00F442D8}"
EndProject
Project("{FAE04EC0-301F-11D3-BF4B-00C04F79EFBC}") = "Xceed.Wpf.AvalonDock.Themes.VS2010", "UI\DockPanel\Xceed.Wpf.AvalonDock.Themes.VS2010\Xceed.Wpf.AvalonDock.Themes.VS2010.csproj", "{B3FC3E21-5F2D-4581-AEA2-59F671CFFC21}"
EndProject
Project("{2150E333-8FDC-42A3-9474-1A3956D46DE8}") = "DataGrid", "DataGrid", "{3C423BD0-608D-4EF6-AB51-A8A0E64FA18B}"
EndProject
Project("{FAE04EC0-301F-11D3-BF4B-00C04F79EFBC}") = "Xceed.Wpf.DataGrid", "UI\DataGrid\Xceed.Wpf.DataGrid\Xceed.Wpf.DataGrid.csproj", "{63648392-6CE9-4A60-96D4-F9FD718D29B0}"
EndProject
Project("{FAE04EC0-301F-11D3-BF4B-00C04F79EFBC}") = "Xceed.Wpf.Toolkit", "UI\DataGrid\Xceed.Wpf.Toolkit\Xceed.Wpf.Toolkit.csproj", "{72E591D6-8F83-4D8C-8F67-9C325E623234}"
EndProject
Project("{2150E333-8FDC-42A3-9474-1A3956D46DE8}") = "ParseMessage", "ParseMessage", "{E5EF58E7-7494-4101-AC8D-6E9E57BD4AFB}"
EndProject
Project("{FAE04EC0-301F-11D3-BF4B-00C04F79EFBC}") = "CDLBrowser.Parser", "ParseMessage\CDLBrowser.Parser\CDLBrowser.Parser.csproj", "{B2F22A0D-FE3B-4773-B030-208096900E7D}"
EndProject
Project("{FAE04EC0-301F-11D3-BF4B-00C04F79EFBC}") = "SuperLMT.Utils", "ParseMessage\SuperLMT.Utils\SuperLMT.Utils.csproj", "{24D21FC0-59B8-4208-AA1D-1B30D3F3C101}"
EndProject
Project("{FAE04EC0-301F-11D3-BF4B-00C04F79EFBC}") = "MsgQueue", "MsgQueue\MsgQueue.csproj", "{DFCC660C-1B0A-470A-9AB1-14448A33091C}"
EndProject
Project("{D954291E-2A0B-460D-934E-DC6B0785DB48}") = "CommonUility", "CommonUility\CommonUility.shproj", "{E0D5F5B3-3253-44F9-A5CF-AE8BAFED4C20}"
EndProject
Project("{FAE04EC0-301F-11D3-BF4B-00C04F79EFBC}") = "CommonUilityTest", "CommonUility\CommonUilityTest\CommonUilityTest.csproj", "{5E352801-8652-41D8-8A8D-3180D74F3CCE}"
EndProject
Project("{FAE04EC0-301F-11D3-BF4B-00C04F79EFBC}") = "AtpMessageTest", "Message\AtpMessage\UnitTest\AtpMessageTest\AtpMessageTest.csproj", "{4CAC5654-E023-49E3-A5C0-AD3F919CEB59}"
EndProject
Project("{FAE04EC0-301F-11D3-BF4B-00C04F79EFBC}") = "SCMT_json", "Control\MibParser\SCMT_json\SCMT_json.csproj", "{E212A21D-FE5B-4E50-9D60-DCF979FF242A}"
EndProject
Project("{FAE04EC0-301F-11D3-BF4B-00C04F79EFBC}") = "Connection.UnitTests", "Control\SCMTOperationCore\Connection.UnitTests\Connection.UnitTests.csproj", "{C25E03B0-ED03-498D-937E-83FC22AC12BC}"
EndProject
Project("{FAE04EC0-301F-11D3-BF4B-00C04F79EFBC}") = "SiMsgParse.UnitTests", "Control\SCMTOperationCore\SiMsgParse.UnitTests\SiMsgParse.UnitTests.csproj", "{609E266A-2BDA-4BBA-AF14-717673A9647F}"
EndProject
Project("{FAE04EC0-301F-11D3-BF4B-00C04F79EFBC}") = "MIBDataParser", "Control\MibParser\SCMT_json\MIBDataParser.csproj", "{FCFD2BD9-9D15-4DD5-AF74-FDE4A0CBE9B0}"
EndProject
Global
	GlobalSection(SharedMSBuildProjectFiles) = preSolution
		CommonUility\CommonUility.projitems*{5bf0ee4e-8220-4e2a-af99-53246ff970a2}*SharedItemsImports = 4
		CommonUility\CommonUility.projitems*{dfcc660c-1b0a-470a-9ab1-14448a33091c}*SharedItemsImports = 4
		CommonUility\CommonUility.projitems*{e0d5f5b3-3253-44f9-a5cf-ae8bafed4c20}*SharedItemsImports = 13
	EndGlobalSection
	GlobalSection(SolutionConfigurationPlatforms) = preSolution
		Debug|Any CPU = Debug|Any CPU
		Debug|ARM = Debug|ARM
		Debug|x64 = Debug|x64
		Debug|x86 = Debug|x86
		Release|Any CPU = Release|Any CPU
		Release|ARM = Release|ARM
		Release|x64 = Release|x64
		Release|x86 = Release|x86
	EndGlobalSection
	GlobalSection(ProjectConfigurationPlatforms) = postSolution
		{317DC3C4-6C5C-4EF2-829F-E5B3CE2E6575}.Debug|Any CPU.ActiveCfg = Debug|x86
		{317DC3C4-6C5C-4EF2-829F-E5B3CE2E6575}.Debug|Any CPU.Build.0 = Debug|x86
		{317DC3C4-6C5C-4EF2-829F-E5B3CE2E6575}.Debug|ARM.ActiveCfg = Debug|Any CPU
		{317DC3C4-6C5C-4EF2-829F-E5B3CE2E6575}.Debug|ARM.Build.0 = Debug|Any CPU
		{317DC3C4-6C5C-4EF2-829F-E5B3CE2E6575}.Debug|x64.ActiveCfg = Debug|x64
		{317DC3C4-6C5C-4EF2-829F-E5B3CE2E6575}.Debug|x64.Build.0 = Debug|x64
		{317DC3C4-6C5C-4EF2-829F-E5B3CE2E6575}.Debug|x86.ActiveCfg = Debug|x86
		{317DC3C4-6C5C-4EF2-829F-E5B3CE2E6575}.Debug|x86.Build.0 = Debug|x86
		{317DC3C4-6C5C-4EF2-829F-E5B3CE2E6575}.Release|Any CPU.ActiveCfg = Release|Any CPU
		{317DC3C4-6C5C-4EF2-829F-E5B3CE2E6575}.Release|Any CPU.Build.0 = Release|Any CPU
		{317DC3C4-6C5C-4EF2-829F-E5B3CE2E6575}.Release|ARM.ActiveCfg = Release|Any CPU
		{317DC3C4-6C5C-4EF2-829F-E5B3CE2E6575}.Release|ARM.Build.0 = Release|Any CPU
		{317DC3C4-6C5C-4EF2-829F-E5B3CE2E6575}.Release|x64.ActiveCfg = Release|x64
		{317DC3C4-6C5C-4EF2-829F-E5B3CE2E6575}.Release|x64.Build.0 = Release|x64
		{317DC3C4-6C5C-4EF2-829F-E5B3CE2E6575}.Release|x86.ActiveCfg = Release|x86
		{317DC3C4-6C5C-4EF2-829F-E5B3CE2E6575}.Release|x86.Build.0 = Release|x86
		{E7CEB301-3A34-49D2-AA69-E3963DD1AC21}.Debug|Any CPU.ActiveCfg = Debug|Any CPU
		{E7CEB301-3A34-49D2-AA69-E3963DD1AC21}.Debug|Any CPU.Build.0 = Debug|Any CPU
		{E7CEB301-3A34-49D2-AA69-E3963DD1AC21}.Debug|ARM.ActiveCfg = Debug|Any CPU
		{E7CEB301-3A34-49D2-AA69-E3963DD1AC21}.Debug|ARM.Build.0 = Debug|Any CPU
		{E7CEB301-3A34-49D2-AA69-E3963DD1AC21}.Debug|x64.ActiveCfg = Debug|x64
		{E7CEB301-3A34-49D2-AA69-E3963DD1AC21}.Debug|x64.Build.0 = Debug|x64
		{E7CEB301-3A34-49D2-AA69-E3963DD1AC21}.Debug|x86.ActiveCfg = Debug|x86
		{E7CEB301-3A34-49D2-AA69-E3963DD1AC21}.Debug|x86.Build.0 = Debug|x86
		{E7CEB301-3A34-49D2-AA69-E3963DD1AC21}.Release|Any CPU.ActiveCfg = Release|Any CPU
		{E7CEB301-3A34-49D2-AA69-E3963DD1AC21}.Release|Any CPU.Build.0 = Release|Any CPU
		{E7CEB301-3A34-49D2-AA69-E3963DD1AC21}.Release|ARM.ActiveCfg = Release|Any CPU
		{E7CEB301-3A34-49D2-AA69-E3963DD1AC21}.Release|ARM.Build.0 = Release|Any CPU
		{E7CEB301-3A34-49D2-AA69-E3963DD1AC21}.Release|x64.ActiveCfg = Release|x64
		{E7CEB301-3A34-49D2-AA69-E3963DD1AC21}.Release|x64.Build.0 = Release|x64
		{E7CEB301-3A34-49D2-AA69-E3963DD1AC21}.Release|x86.ActiveCfg = Release|x86
		{E7CEB301-3A34-49D2-AA69-E3963DD1AC21}.Release|x86.Build.0 = Release|x86
		{F5DBBC65-F7D3-4A0D-8A9F-3DAFD3DEB7ED}.Debug|Any CPU.ActiveCfg = Debug|Any CPU
		{F5DBBC65-F7D3-4A0D-8A9F-3DAFD3DEB7ED}.Debug|Any CPU.Build.0 = Debug|Any CPU
		{F5DBBC65-F7D3-4A0D-8A9F-3DAFD3DEB7ED}.Debug|ARM.ActiveCfg = Debug|Any CPU
		{F5DBBC65-F7D3-4A0D-8A9F-3DAFD3DEB7ED}.Debug|ARM.Build.0 = Debug|Any CPU
		{F5DBBC65-F7D3-4A0D-8A9F-3DAFD3DEB7ED}.Debug|x64.ActiveCfg = Debug|x64
		{F5DBBC65-F7D3-4A0D-8A9F-3DAFD3DEB7ED}.Debug|x64.Build.0 = Debug|x64
		{F5DBBC65-F7D3-4A0D-8A9F-3DAFD3DEB7ED}.Debug|x86.ActiveCfg = Debug|x86
		{F5DBBC65-F7D3-4A0D-8A9F-3DAFD3DEB7ED}.Debug|x86.Build.0 = Debug|x86
		{F5DBBC65-F7D3-4A0D-8A9F-3DAFD3DEB7ED}.Release|Any CPU.ActiveCfg = Release|Any CPU
		{F5DBBC65-F7D3-4A0D-8A9F-3DAFD3DEB7ED}.Release|Any CPU.Build.0 = Release|Any CPU
		{F5DBBC65-F7D3-4A0D-8A9F-3DAFD3DEB7ED}.Release|ARM.ActiveCfg = Release|Any CPU
		{F5DBBC65-F7D3-4A0D-8A9F-3DAFD3DEB7ED}.Release|ARM.Build.0 = Release|Any CPU
		{F5DBBC65-F7D3-4A0D-8A9F-3DAFD3DEB7ED}.Release|x64.ActiveCfg = Release|x64
		{F5DBBC65-F7D3-4A0D-8A9F-3DAFD3DEB7ED}.Release|x64.Build.0 = Release|x64
		{F5DBBC65-F7D3-4A0D-8A9F-3DAFD3DEB7ED}.Release|x86.ActiveCfg = Release|x86
		{F5DBBC65-F7D3-4A0D-8A9F-3DAFD3DEB7ED}.Release|x86.Build.0 = Release|x86
		{5BF0EE4E-8220-4E2A-AF99-53246FF970A2}.Debug|Any CPU.ActiveCfg = Debug|Any CPU
		{5BF0EE4E-8220-4E2A-AF99-53246FF970A2}.Debug|Any CPU.Build.0 = Debug|Any CPU
		{5BF0EE4E-8220-4E2A-AF99-53246FF970A2}.Debug|ARM.ActiveCfg = Debug|Any CPU
		{5BF0EE4E-8220-4E2A-AF99-53246FF970A2}.Debug|ARM.Build.0 = Debug|Any CPU
		{5BF0EE4E-8220-4E2A-AF99-53246FF970A2}.Debug|x64.ActiveCfg = Debug|x64
		{5BF0EE4E-8220-4E2A-AF99-53246FF970A2}.Debug|x64.Build.0 = Debug|x64
		{5BF0EE4E-8220-4E2A-AF99-53246FF970A2}.Debug|x86.ActiveCfg = Debug|x86
		{5BF0EE4E-8220-4E2A-AF99-53246FF970A2}.Debug|x86.Build.0 = Debug|x86
		{5BF0EE4E-8220-4E2A-AF99-53246FF970A2}.Release|Any CPU.ActiveCfg = Release|Any CPU
		{5BF0EE4E-8220-4E2A-AF99-53246FF970A2}.Release|Any CPU.Build.0 = Release|Any CPU
		{5BF0EE4E-8220-4E2A-AF99-53246FF970A2}.Release|ARM.ActiveCfg = Release|Any CPU
		{5BF0EE4E-8220-4E2A-AF99-53246FF970A2}.Release|ARM.Build.0 = Release|Any CPU
		{5BF0EE4E-8220-4E2A-AF99-53246FF970A2}.Release|x64.ActiveCfg = Release|x64
		{5BF0EE4E-8220-4E2A-AF99-53246FF970A2}.Release|x64.Build.0 = Release|x64
		{5BF0EE4E-8220-4E2A-AF99-53246FF970A2}.Release|x86.ActiveCfg = Release|x86
		{5BF0EE4E-8220-4E2A-AF99-53246FF970A2}.Release|x86.Build.0 = Release|x86
		{E276A704-D582-4CA9-9A27-5F324371F4D5}.Debug|Any CPU.ActiveCfg = Debug|Any CPU
		{E276A704-D582-4CA9-9A27-5F324371F4D5}.Debug|Any CPU.Build.0 = Debug|Any CPU
		{E276A704-D582-4CA9-9A27-5F324371F4D5}.Debug|ARM.ActiveCfg = Debug|Any CPU
		{E276A704-D582-4CA9-9A27-5F324371F4D5}.Debug|ARM.Build.0 = Debug|Any CPU
		{E276A704-D582-4CA9-9A27-5F324371F4D5}.Debug|x64.ActiveCfg = Debug|x64
		{E276A704-D582-4CA9-9A27-5F324371F4D5}.Debug|x64.Build.0 = Debug|x64
		{E276A704-D582-4CA9-9A27-5F324371F4D5}.Debug|x86.ActiveCfg = Debug|x86
		{E276A704-D582-4CA9-9A27-5F324371F4D5}.Debug|x86.Build.0 = Debug|x86
		{E276A704-D582-4CA9-9A27-5F324371F4D5}.Release|Any CPU.ActiveCfg = Release|Any CPU
		{E276A704-D582-4CA9-9A27-5F324371F4D5}.Release|Any CPU.Build.0 = Release|Any CPU
		{E276A704-D582-4CA9-9A27-5F324371F4D5}.Release|ARM.ActiveCfg = Release|Any CPU
		{E276A704-D582-4CA9-9A27-5F324371F4D5}.Release|ARM.Build.0 = Release|Any CPU
		{E276A704-D582-4CA9-9A27-5F324371F4D5}.Release|x64.ActiveCfg = Release|x64
		{E276A704-D582-4CA9-9A27-5F324371F4D5}.Release|x64.Build.0 = Release|x64
		{E276A704-D582-4CA9-9A27-5F324371F4D5}.Release|x86.ActiveCfg = Release|x86
		{E276A704-D582-4CA9-9A27-5F324371F4D5}.Release|x86.Build.0 = Release|x86
		{DC985DCF-9F2D-405F-BBC8-CDAF33537B9D}.Debug|Any CPU.ActiveCfg = Debug|Any CPU
		{DC985DCF-9F2D-405F-BBC8-CDAF33537B9D}.Debug|Any CPU.Build.0 = Debug|Any CPU
		{DC985DCF-9F2D-405F-BBC8-CDAF33537B9D}.Debug|ARM.ActiveCfg = Debug|Any CPU
		{DC985DCF-9F2D-405F-BBC8-CDAF33537B9D}.Debug|ARM.Build.0 = Debug|Any CPU
		{DC985DCF-9F2D-405F-BBC8-CDAF33537B9D}.Debug|x64.ActiveCfg = Debug|x64
		{DC985DCF-9F2D-405F-BBC8-CDAF33537B9D}.Debug|x64.Build.0 = Debug|x64
		{DC985DCF-9F2D-405F-BBC8-CDAF33537B9D}.Debug|x86.ActiveCfg = Debug|x86
		{DC985DCF-9F2D-405F-BBC8-CDAF33537B9D}.Debug|x86.Build.0 = Debug|x86
		{DC985DCF-9F2D-405F-BBC8-CDAF33537B9D}.Release|Any CPU.ActiveCfg = Release|Any CPU
		{DC985DCF-9F2D-405F-BBC8-CDAF33537B9D}.Release|Any CPU.Build.0 = Release|Any CPU
		{DC985DCF-9F2D-405F-BBC8-CDAF33537B9D}.Release|ARM.ActiveCfg = Release|Any CPU
		{DC985DCF-9F2D-405F-BBC8-CDAF33537B9D}.Release|ARM.Build.0 = Release|Any CPU
		{DC985DCF-9F2D-405F-BBC8-CDAF33537B9D}.Release|x64.ActiveCfg = Release|x64
		{DC985DCF-9F2D-405F-BBC8-CDAF33537B9D}.Release|x64.Build.0 = Release|x64
		{DC985DCF-9F2D-405F-BBC8-CDAF33537B9D}.Release|x86.ActiveCfg = Release|x86
		{DC985DCF-9F2D-405F-BBC8-CDAF33537B9D}.Release|x86.Build.0 = Release|x86
		{09BB258F-4A86-4546-A2A6-BB5E6F2DB67F}.Debug|Any CPU.ActiveCfg = Debug|Any CPU
		{09BB258F-4A86-4546-A2A6-BB5E6F2DB67F}.Debug|Any CPU.Build.0 = Debug|Any CPU
		{09BB258F-4A86-4546-A2A6-BB5E6F2DB67F}.Debug|ARM.ActiveCfg = Debug|Any CPU
		{09BB258F-4A86-4546-A2A6-BB5E6F2DB67F}.Debug|ARM.Build.0 = Debug|Any CPU
		{09BB258F-4A86-4546-A2A6-BB5E6F2DB67F}.Debug|x64.ActiveCfg = Debug|x64
		{09BB258F-4A86-4546-A2A6-BB5E6F2DB67F}.Debug|x64.Build.0 = Debug|x64
		{09BB258F-4A86-4546-A2A6-BB5E6F2DB67F}.Debug|x86.ActiveCfg = Debug|x86
		{09BB258F-4A86-4546-A2A6-BB5E6F2DB67F}.Debug|x86.Build.0 = Debug|x86
		{09BB258F-4A86-4546-A2A6-BB5E6F2DB67F}.Release|Any CPU.ActiveCfg = Release|Any CPU
		{09BB258F-4A86-4546-A2A6-BB5E6F2DB67F}.Release|Any CPU.Build.0 = Release|Any CPU
		{09BB258F-4A86-4546-A2A6-BB5E6F2DB67F}.Release|ARM.ActiveCfg = Release|Any CPU
		{09BB258F-4A86-4546-A2A6-BB5E6F2DB67F}.Release|ARM.Build.0 = Release|Any CPU
		{09BB258F-4A86-4546-A2A6-BB5E6F2DB67F}.Release|x64.ActiveCfg = Release|x64
		{09BB258F-4A86-4546-A2A6-BB5E6F2DB67F}.Release|x64.Build.0 = Release|x64
		{09BB258F-4A86-4546-A2A6-BB5E6F2DB67F}.Release|x86.ActiveCfg = Release|x86
		{09BB258F-4A86-4546-A2A6-BB5E6F2DB67F}.Release|x86.Build.0 = Release|x86
		{B42DA179-3976-44A1-A54F-0B5E0046DDBC}.Debug|Any CPU.ActiveCfg = Debug|Any CPU
		{B42DA179-3976-44A1-A54F-0B5E0046DDBC}.Debug|Any CPU.Build.0 = Debug|Any CPU
		{B42DA179-3976-44A1-A54F-0B5E0046DDBC}.Debug|ARM.ActiveCfg = Debug|Any CPU
		{B42DA179-3976-44A1-A54F-0B5E0046DDBC}.Debug|ARM.Build.0 = Debug|Any CPU
		{B42DA179-3976-44A1-A54F-0B5E0046DDBC}.Debug|x64.ActiveCfg = Debug|x64
		{B42DA179-3976-44A1-A54F-0B5E0046DDBC}.Debug|x64.Build.0 = Debug|x64
		{B42DA179-3976-44A1-A54F-0B5E0046DDBC}.Debug|x86.ActiveCfg = Debug|x86
		{B42DA179-3976-44A1-A54F-0B5E0046DDBC}.Debug|x86.Build.0 = Debug|x86
		{B42DA179-3976-44A1-A54F-0B5E0046DDBC}.Release|Any CPU.ActiveCfg = Release|Any CPU
		{B42DA179-3976-44A1-A54F-0B5E0046DDBC}.Release|Any CPU.Build.0 = Release|Any CPU
		{B42DA179-3976-44A1-A54F-0B5E0046DDBC}.Release|ARM.ActiveCfg = Release|Any CPU
		{B42DA179-3976-44A1-A54F-0B5E0046DDBC}.Release|ARM.Build.0 = Release|Any CPU
		{B42DA179-3976-44A1-A54F-0B5E0046DDBC}.Release|x64.ActiveCfg = Release|x64
		{B42DA179-3976-44A1-A54F-0B5E0046DDBC}.Release|x64.Build.0 = Release|x64
		{B42DA179-3976-44A1-A54F-0B5E0046DDBC}.Release|x86.ActiveCfg = Release|x86
		{B42DA179-3976-44A1-A54F-0B5E0046DDBC}.Release|x86.Build.0 = Release|x86
		{47E80563-D3E6-4039-BD2B-63480BBD0525}.Debug|Any CPU.ActiveCfg = Debug|Any CPU
		{47E80563-D3E6-4039-BD2B-63480BBD0525}.Debug|Any CPU.Build.0 = Debug|Any CPU
		{47E80563-D3E6-4039-BD2B-63480BBD0525}.Debug|ARM.ActiveCfg = Debug|Any CPU
		{47E80563-D3E6-4039-BD2B-63480BBD0525}.Debug|ARM.Build.0 = Debug|Any CPU
		{47E80563-D3E6-4039-BD2B-63480BBD0525}.Debug|x64.ActiveCfg = Debug|Any CPU
		{47E80563-D3E6-4039-BD2B-63480BBD0525}.Debug|x64.Build.0 = Debug|Any CPU
		{47E80563-D3E6-4039-BD2B-63480BBD0525}.Debug|x86.ActiveCfg = Debug|Any CPU
		{47E80563-D3E6-4039-BD2B-63480BBD0525}.Debug|x86.Build.0 = Debug|Any CPU
		{47E80563-D3E6-4039-BD2B-63480BBD0525}.Release|Any CPU.ActiveCfg = Release|Any CPU
		{47E80563-D3E6-4039-BD2B-63480BBD0525}.Release|Any CPU.Build.0 = Release|Any CPU
		{47E80563-D3E6-4039-BD2B-63480BBD0525}.Release|ARM.ActiveCfg = Release|Any CPU
		{47E80563-D3E6-4039-BD2B-63480BBD0525}.Release|ARM.Build.0 = Release|Any CPU
		{47E80563-D3E6-4039-BD2B-63480BBD0525}.Release|x64.ActiveCfg = Release|Any CPU
		{47E80563-D3E6-4039-BD2B-63480BBD0525}.Release|x64.Build.0 = Release|Any CPU
		{47E80563-D3E6-4039-BD2B-63480BBD0525}.Release|x86.ActiveCfg = Release|Any CPU
		{47E80563-D3E6-4039-BD2B-63480BBD0525}.Release|x86.Build.0 = Release|Any CPU
		{DB81988F-E0F2-45A0-A1FD-8C37F3D35244}.Debug|Any CPU.ActiveCfg = Debug|Any CPU
		{DB81988F-E0F2-45A0-A1FD-8C37F3D35244}.Debug|Any CPU.Build.0 = Debug|Any CPU
		{DB81988F-E0F2-45A0-A1FD-8C37F3D35244}.Debug|ARM.ActiveCfg = Debug|Any CPU
		{DB81988F-E0F2-45A0-A1FD-8C37F3D35244}.Debug|ARM.Build.0 = Debug|Any CPU
		{DB81988F-E0F2-45A0-A1FD-8C37F3D35244}.Debug|x64.ActiveCfg = Debug|Any CPU
		{DB81988F-E0F2-45A0-A1FD-8C37F3D35244}.Debug|x64.Build.0 = Debug|Any CPU
		{DB81988F-E0F2-45A0-A1FD-8C37F3D35244}.Debug|x86.ActiveCfg = Debug|Any CPU
		{DB81988F-E0F2-45A0-A1FD-8C37F3D35244}.Debug|x86.Build.0 = Debug|Any CPU
		{DB81988F-E0F2-45A0-A1FD-8C37F3D35244}.Release|Any CPU.ActiveCfg = Release|Any CPU
		{DB81988F-E0F2-45A0-A1FD-8C37F3D35244}.Release|Any CPU.Build.0 = Release|Any CPU
		{DB81988F-E0F2-45A0-A1FD-8C37F3D35244}.Release|ARM.ActiveCfg = Release|Any CPU
		{DB81988F-E0F2-45A0-A1FD-8C37F3D35244}.Release|ARM.Build.0 = Release|Any CPU
		{DB81988F-E0F2-45A0-A1FD-8C37F3D35244}.Release|x64.ActiveCfg = Release|Any CPU
		{DB81988F-E0F2-45A0-A1FD-8C37F3D35244}.Release|x64.Build.0 = Release|Any CPU
		{DB81988F-E0F2-45A0-A1FD-8C37F3D35244}.Release|x86.ActiveCfg = Release|Any CPU
		{DB81988F-E0F2-45A0-A1FD-8C37F3D35244}.Release|x86.Build.0 = Release|Any CPU
		{BA72CCE0-A9FB-4995-B496-7FEC5C87B85B}.Debug|Any CPU.ActiveCfg = Debug|Any CPU
		{BA72CCE0-A9FB-4995-B496-7FEC5C87B85B}.Debug|Any CPU.Build.0 = Debug|Any CPU
		{BA72CCE0-A9FB-4995-B496-7FEC5C87B85B}.Debug|ARM.ActiveCfg = Debug|Any CPU
		{BA72CCE0-A9FB-4995-B496-7FEC5C87B85B}.Debug|ARM.Build.0 = Debug|Any CPU
		{BA72CCE0-A9FB-4995-B496-7FEC5C87B85B}.Debug|x64.ActiveCfg = Debug|Any CPU
		{BA72CCE0-A9FB-4995-B496-7FEC5C87B85B}.Debug|x64.Build.0 = Debug|Any CPU
		{BA72CCE0-A9FB-4995-B496-7FEC5C87B85B}.Debug|x86.ActiveCfg = Debug|Any CPU
		{BA72CCE0-A9FB-4995-B496-7FEC5C87B85B}.Debug|x86.Build.0 = Debug|Any CPU
		{BA72CCE0-A9FB-4995-B496-7FEC5C87B85B}.Release|Any CPU.ActiveCfg = Release|Any CPU
		{BA72CCE0-A9FB-4995-B496-7FEC5C87B85B}.Release|Any CPU.Build.0 = Release|Any CPU
		{BA72CCE0-A9FB-4995-B496-7FEC5C87B85B}.Release|ARM.ActiveCfg = Release|Any CPU
		{BA72CCE0-A9FB-4995-B496-7FEC5C87B85B}.Release|ARM.Build.0 = Release|Any CPU
		{BA72CCE0-A9FB-4995-B496-7FEC5C87B85B}.Release|x64.ActiveCfg = Release|Any CPU
		{BA72CCE0-A9FB-4995-B496-7FEC5C87B85B}.Release|x64.Build.0 = Release|Any CPU
		{BA72CCE0-A9FB-4995-B496-7FEC5C87B85B}.Release|x86.ActiveCfg = Release|Any CPU
		{BA72CCE0-A9FB-4995-B496-7FEC5C87B85B}.Release|x86.Build.0 = Release|Any CPU
		{89286EB4-B4A1-418C-839A-067B00F442D8}.Debug|Any CPU.ActiveCfg = Debug|Any CPU
		{89286EB4-B4A1-418C-839A-067B00F442D8}.Debug|Any CPU.Build.0 = Debug|Any CPU
		{89286EB4-B4A1-418C-839A-067B00F442D8}.Debug|ARM.ActiveCfg = Debug|Any CPU
		{89286EB4-B4A1-418C-839A-067B00F442D8}.Debug|ARM.Build.0 = Debug|Any CPU
		{89286EB4-B4A1-418C-839A-067B00F442D8}.Debug|x64.ActiveCfg = Debug|Any CPU
		{89286EB4-B4A1-418C-839A-067B00F442D8}.Debug|x64.Build.0 = Debug|Any CPU
		{89286EB4-B4A1-418C-839A-067B00F442D8}.Debug|x86.ActiveCfg = Debug|Any CPU
		{89286EB4-B4A1-418C-839A-067B00F442D8}.Debug|x86.Build.0 = Debug|Any CPU
		{89286EB4-B4A1-418C-839A-067B00F442D8}.Release|Any CPU.ActiveCfg = Release|Any CPU
		{89286EB4-B4A1-418C-839A-067B00F442D8}.Release|Any CPU.Build.0 = Release|Any CPU
		{89286EB4-B4A1-418C-839A-067B00F442D8}.Release|ARM.ActiveCfg = Release|Any CPU
		{89286EB4-B4A1-418C-839A-067B00F442D8}.Release|ARM.Build.0 = Release|Any CPU
		{89286EB4-B4A1-418C-839A-067B00F442D8}.Release|x64.ActiveCfg = Release|Any CPU
		{89286EB4-B4A1-418C-839A-067B00F442D8}.Release|x64.Build.0 = Release|Any CPU
		{89286EB4-B4A1-418C-839A-067B00F442D8}.Release|x86.ActiveCfg = Release|Any CPU
		{89286EB4-B4A1-418C-839A-067B00F442D8}.Release|x86.Build.0 = Release|Any CPU
		{B3FC3E21-5F2D-4581-AEA2-59F671CFFC21}.Debug|Any CPU.ActiveCfg = Debug|Any CPU
		{B3FC3E21-5F2D-4581-AEA2-59F671CFFC21}.Debug|Any CPU.Build.0 = Debug|Any CPU
		{B3FC3E21-5F2D-4581-AEA2-59F671CFFC21}.Debug|ARM.ActiveCfg = Debug|Any CPU
		{B3FC3E21-5F2D-4581-AEA2-59F671CFFC21}.Debug|ARM.Build.0 = Debug|Any CPU
		{B3FC3E21-5F2D-4581-AEA2-59F671CFFC21}.Debug|x64.ActiveCfg = Debug|Any CPU
		{B3FC3E21-5F2D-4581-AEA2-59F671CFFC21}.Debug|x64.Build.0 = Debug|Any CPU
		{B3FC3E21-5F2D-4581-AEA2-59F671CFFC21}.Debug|x86.ActiveCfg = Debug|Any CPU
		{B3FC3E21-5F2D-4581-AEA2-59F671CFFC21}.Debug|x86.Build.0 = Debug|Any CPU
		{B3FC3E21-5F2D-4581-AEA2-59F671CFFC21}.Release|Any CPU.ActiveCfg = Release|Any CPU
		{B3FC3E21-5F2D-4581-AEA2-59F671CFFC21}.Release|Any CPU.Build.0 = Release|Any CPU
		{B3FC3E21-5F2D-4581-AEA2-59F671CFFC21}.Release|ARM.ActiveCfg = Release|Any CPU
		{B3FC3E21-5F2D-4581-AEA2-59F671CFFC21}.Release|ARM.Build.0 = Release|Any CPU
		{B3FC3E21-5F2D-4581-AEA2-59F671CFFC21}.Release|x64.ActiveCfg = Release|Any CPU
		{B3FC3E21-5F2D-4581-AEA2-59F671CFFC21}.Release|x64.Build.0 = Release|Any CPU
		{B3FC3E21-5F2D-4581-AEA2-59F671CFFC21}.Release|x86.ActiveCfg = Release|Any CPU
		{B3FC3E21-5F2D-4581-AEA2-59F671CFFC21}.Release|x86.Build.0 = Release|Any CPU
		{63648392-6CE9-4A60-96D4-F9FD718D29B0}.Debug|Any CPU.ActiveCfg = Debug|Any CPU
		{63648392-6CE9-4A60-96D4-F9FD718D29B0}.Debug|Any CPU.Build.0 = Debug|Any CPU
		{63648392-6CE9-4A60-96D4-F9FD718D29B0}.Debug|ARM.ActiveCfg = Debug|Any CPU
		{63648392-6CE9-4A60-96D4-F9FD718D29B0}.Debug|ARM.Build.0 = Debug|Any CPU
		{63648392-6CE9-4A60-96D4-F9FD718D29B0}.Debug|x64.ActiveCfg = Debug|Any CPU
		{63648392-6CE9-4A60-96D4-F9FD718D29B0}.Debug|x64.Build.0 = Debug|Any CPU
		{63648392-6CE9-4A60-96D4-F9FD718D29B0}.Debug|x86.ActiveCfg = Debug|Any CPU
		{63648392-6CE9-4A60-96D4-F9FD718D29B0}.Debug|x86.Build.0 = Debug|Any CPU
		{63648392-6CE9-4A60-96D4-F9FD718D29B0}.Release|Any CPU.ActiveCfg = Release|Any CPU
		{63648392-6CE9-4A60-96D4-F9FD718D29B0}.Release|Any CPU.Build.0 = Release|Any CPU
		{63648392-6CE9-4A60-96D4-F9FD718D29B0}.Release|ARM.ActiveCfg = Release|Any CPU
		{63648392-6CE9-4A60-96D4-F9FD718D29B0}.Release|ARM.Build.0 = Release|Any CPU
		{63648392-6CE9-4A60-96D4-F9FD718D29B0}.Release|x64.ActiveCfg = Release|Any CPU
		{63648392-6CE9-4A60-96D4-F9FD718D29B0}.Release|x64.Build.0 = Release|Any CPU
		{63648392-6CE9-4A60-96D4-F9FD718D29B0}.Release|x86.ActiveCfg = Release|Any CPU
		{63648392-6CE9-4A60-96D4-F9FD718D29B0}.Release|x86.Build.0 = Release|Any CPU
		{72E591D6-8F83-4D8C-8F67-9C325E623234}.Debug|Any CPU.ActiveCfg = Debug|Any CPU
		{72E591D6-8F83-4D8C-8F67-9C325E623234}.Debug|Any CPU.Build.0 = Debug|Any CPU
		{72E591D6-8F83-4D8C-8F67-9C325E623234}.Debug|ARM.ActiveCfg = Debug|Any CPU
		{72E591D6-8F83-4D8C-8F67-9C325E623234}.Debug|ARM.Build.0 = Debug|Any CPU
		{72E591D6-8F83-4D8C-8F67-9C325E623234}.Debug|x64.ActiveCfg = Debug|Any CPU
		{72E591D6-8F83-4D8C-8F67-9C325E623234}.Debug|x64.Build.0 = Debug|Any CPU
		{72E591D6-8F83-4D8C-8F67-9C325E623234}.Debug|x86.ActiveCfg = Debug|Any CPU
		{72E591D6-8F83-4D8C-8F67-9C325E623234}.Debug|x86.Build.0 = Debug|Any CPU
		{72E591D6-8F83-4D8C-8F67-9C325E623234}.Release|Any CPU.ActiveCfg = Release|Any CPU
		{72E591D6-8F83-4D8C-8F67-9C325E623234}.Release|Any CPU.Build.0 = Release|Any CPU
		{72E591D6-8F83-4D8C-8F67-9C325E623234}.Release|ARM.ActiveCfg = Release|Any CPU
		{72E591D6-8F83-4D8C-8F67-9C325E623234}.Release|ARM.Build.0 = Release|Any CPU
		{72E591D6-8F83-4D8C-8F67-9C325E623234}.Release|x64.ActiveCfg = Release|Any CPU
		{72E591D6-8F83-4D8C-8F67-9C325E623234}.Release|x64.Build.0 = Release|Any CPU
		{72E591D6-8F83-4D8C-8F67-9C325E623234}.Release|x86.ActiveCfg = Release|Any CPU
		{72E591D6-8F83-4D8C-8F67-9C325E623234}.Release|x86.Build.0 = Release|Any CPU
		{B2F22A0D-FE3B-4773-B030-208096900E7D}.Debug|Any CPU.ActiveCfg = Debug|x86
		{B2F22A0D-FE3B-4773-B030-208096900E7D}.Debug|Any CPU.Build.0 = Debug|x86
		{B2F22A0D-FE3B-4773-B030-208096900E7D}.Debug|ARM.ActiveCfg = Debug|x86
		{B2F22A0D-FE3B-4773-B030-208096900E7D}.Debug|x64.ActiveCfg = Debug|x86
		{B2F22A0D-FE3B-4773-B030-208096900E7D}.Debug|x86.ActiveCfg = Debug|x86
		{B2F22A0D-FE3B-4773-B030-208096900E7D}.Debug|x86.Build.0 = Debug|x86
		{B2F22A0D-FE3B-4773-B030-208096900E7D}.Release|Any CPU.ActiveCfg = Release|x86
		{B2F22A0D-FE3B-4773-B030-208096900E7D}.Release|ARM.ActiveCfg = Release|x86
		{B2F22A0D-FE3B-4773-B030-208096900E7D}.Release|x64.ActiveCfg = Release|x86
		{B2F22A0D-FE3B-4773-B030-208096900E7D}.Release|x86.ActiveCfg = Release|x86
		{B2F22A0D-FE3B-4773-B030-208096900E7D}.Release|x86.Build.0 = Release|x86
		{24D21FC0-59B8-4208-AA1D-1B30D3F3C101}.Debug|Any CPU.ActiveCfg = Debug|x86
		{24D21FC0-59B8-4208-AA1D-1B30D3F3C101}.Debug|Any CPU.Build.0 = Debug|x86
		{24D21FC0-59B8-4208-AA1D-1B30D3F3C101}.Debug|ARM.ActiveCfg = Debug|x86
		{24D21FC0-59B8-4208-AA1D-1B30D3F3C101}.Debug|x64.ActiveCfg = Debug|x86
		{24D21FC0-59B8-4208-AA1D-1B30D3F3C101}.Debug|x86.ActiveCfg = Debug|x86
		{24D21FC0-59B8-4208-AA1D-1B30D3F3C101}.Debug|x86.Build.0 = Debug|x86
		{24D21FC0-59B8-4208-AA1D-1B30D3F3C101}.Release|Any CPU.ActiveCfg = Release|x86
		{24D21FC0-59B8-4208-AA1D-1B30D3F3C101}.Release|ARM.ActiveCfg = Release|x86
		{24D21FC0-59B8-4208-AA1D-1B30D3F3C101}.Release|x64.ActiveCfg = Release|x86
		{24D21FC0-59B8-4208-AA1D-1B30D3F3C101}.Release|x86.ActiveCfg = Release|x86
		{24D21FC0-59B8-4208-AA1D-1B30D3F3C101}.Release|x86.Build.0 = Release|x86
		{DFCC660C-1B0A-470A-9AB1-14448A33091C}.Debug|Any CPU.ActiveCfg = Debug|Any CPU
		{DFCC660C-1B0A-470A-9AB1-14448A33091C}.Debug|Any CPU.Build.0 = Debug|Any CPU
		{DFCC660C-1B0A-470A-9AB1-14448A33091C}.Debug|ARM.ActiveCfg = Debug|Any CPU
		{DFCC660C-1B0A-470A-9AB1-14448A33091C}.Debug|ARM.Build.0 = Debug|Any CPU
		{DFCC660C-1B0A-470A-9AB1-14448A33091C}.Debug|x64.ActiveCfg = Debug|Any CPU
		{DFCC660C-1B0A-470A-9AB1-14448A33091C}.Debug|x64.Build.0 = Debug|Any CPU
		{DFCC660C-1B0A-470A-9AB1-14448A33091C}.Debug|x86.ActiveCfg = Debug|Any CPU
		{DFCC660C-1B0A-470A-9AB1-14448A33091C}.Debug|x86.Build.0 = Debug|Any CPU
		{DFCC660C-1B0A-470A-9AB1-14448A33091C}.Release|Any CPU.ActiveCfg = Release|Any CPU
		{DFCC660C-1B0A-470A-9AB1-14448A33091C}.Release|Any CPU.Build.0 = Release|Any CPU
		{DFCC660C-1B0A-470A-9AB1-14448A33091C}.Release|ARM.ActiveCfg = Release|Any CPU
		{DFCC660C-1B0A-470A-9AB1-14448A33091C}.Release|ARM.Build.0 = Release|Any CPU
		{DFCC660C-1B0A-470A-9AB1-14448A33091C}.Release|x64.ActiveCfg = Release|Any CPU
		{DFCC660C-1B0A-470A-9AB1-14448A33091C}.Release|x64.Build.0 = Release|Any CPU
		{DFCC660C-1B0A-470A-9AB1-14448A33091C}.Release|x86.ActiveCfg = Release|Any CPU
		{DFCC660C-1B0A-470A-9AB1-14448A33091C}.Release|x86.Build.0 = Release|Any CPU
		{5E352801-8652-41D8-8A8D-3180D74F3CCE}.Debug|Any CPU.ActiveCfg = Debug|Any CPU
		{5E352801-8652-41D8-8A8D-3180D74F3CCE}.Debug|Any CPU.Build.0 = Debug|Any CPU
		{5E352801-8652-41D8-8A8D-3180D74F3CCE}.Debug|ARM.ActiveCfg = Debug|Any CPU
		{5E352801-8652-41D8-8A8D-3180D74F3CCE}.Debug|ARM.Build.0 = Debug|Any CPU
		{5E352801-8652-41D8-8A8D-3180D74F3CCE}.Debug|x64.ActiveCfg = Debug|Any CPU
		{5E352801-8652-41D8-8A8D-3180D74F3CCE}.Debug|x64.Build.0 = Debug|Any CPU
		{5E352801-8652-41D8-8A8D-3180D74F3CCE}.Debug|x86.ActiveCfg = Debug|Any CPU
		{5E352801-8652-41D8-8A8D-3180D74F3CCE}.Debug|x86.Build.0 = Debug|Any CPU
		{5E352801-8652-41D8-8A8D-3180D74F3CCE}.Release|Any CPU.ActiveCfg = Release|Any CPU
		{5E352801-8652-41D8-8A8D-3180D74F3CCE}.Release|Any CPU.Build.0 = Release|Any CPU
		{5E352801-8652-41D8-8A8D-3180D74F3CCE}.Release|ARM.ActiveCfg = Release|Any CPU
		{5E352801-8652-41D8-8A8D-3180D74F3CCE}.Release|ARM.Build.0 = Release|Any CPU
		{5E352801-8652-41D8-8A8D-3180D74F3CCE}.Release|x64.ActiveCfg = Release|Any CPU
		{5E352801-8652-41D8-8A8D-3180D74F3CCE}.Release|x64.Build.0 = Release|Any CPU
		{5E352801-8652-41D8-8A8D-3180D74F3CCE}.Release|x86.ActiveCfg = Release|Any CPU
		{5E352801-8652-41D8-8A8D-3180D74F3CCE}.Release|x86.Build.0 = Release|Any CPU
		{4CAC5654-E023-49E3-A5C0-AD3F919CEB59}.Debug|Any CPU.ActiveCfg = Debug|Any CPU
		{4CAC5654-E023-49E3-A5C0-AD3F919CEB59}.Debug|Any CPU.Build.0 = Debug|Any CPU
		{4CAC5654-E023-49E3-A5C0-AD3F919CEB59}.Debug|ARM.ActiveCfg = Debug|Any CPU
		{4CAC5654-E023-49E3-A5C0-AD3F919CEB59}.Debug|ARM.Build.0 = Debug|Any CPU
		{4CAC5654-E023-49E3-A5C0-AD3F919CEB59}.Debug|x64.ActiveCfg = Debug|Any CPU
		{4CAC5654-E023-49E3-A5C0-AD3F919CEB59}.Debug|x64.Build.0 = Debug|Any CPU
		{4CAC5654-E023-49E3-A5C0-AD3F919CEB59}.Debug|x86.ActiveCfg = Debug|Any CPU
		{4CAC5654-E023-49E3-A5C0-AD3F919CEB59}.Debug|x86.Build.0 = Debug|Any CPU
		{4CAC5654-E023-49E3-A5C0-AD3F919CEB59}.Release|Any CPU.ActiveCfg = Release|Any CPU
		{4CAC5654-E023-49E3-A5C0-AD3F919CEB59}.Release|Any CPU.Build.0 = Release|Any CPU
		{4CAC5654-E023-49E3-A5C0-AD3F919CEB59}.Release|ARM.ActiveCfg = Release|Any CPU
		{4CAC5654-E023-49E3-A5C0-AD3F919CEB59}.Release|ARM.Build.0 = Release|Any CPU
		{4CAC5654-E023-49E3-A5C0-AD3F919CEB59}.Release|x64.ActiveCfg = Release|Any CPU
		{4CAC5654-E023-49E3-A5C0-AD3F919CEB59}.Release|x64.Build.0 = Release|Any CPU
		{4CAC5654-E023-49E3-A5C0-AD3F919CEB59}.Release|x86.ActiveCfg = Release|Any CPU
		{4CAC5654-E023-49E3-A5C0-AD3F919CEB59}.Release|x86.Build.0 = Release|Any CPU
		{E212A21D-FE5B-4E50-9D60-DCF979FF242A}.Debug|Any CPU.ActiveCfg = Debug|Any CPU
		{E212A21D-FE5B-4E50-9D60-DCF979FF242A}.Debug|Any CPU.Build.0 = Debug|Any CPU
		{E212A21D-FE5B-4E50-9D60-DCF979FF242A}.Debug|ARM.ActiveCfg = Debug|Any CPU
		{E212A21D-FE5B-4E50-9D60-DCF979FF242A}.Debug|ARM.Build.0 = Debug|Any CPU
		{E212A21D-FE5B-4E50-9D60-DCF979FF242A}.Debug|x64.ActiveCfg = Debug|Any CPU
		{E212A21D-FE5B-4E50-9D60-DCF979FF242A}.Debug|x64.Build.0 = Debug|Any CPU
		{E212A21D-FE5B-4E50-9D60-DCF979FF242A}.Debug|x86.ActiveCfg = Debug|Any CPU
		{E212A21D-FE5B-4E50-9D60-DCF979FF242A}.Debug|x86.Build.0 = Debug|Any CPU
		{E212A21D-FE5B-4E50-9D60-DCF979FF242A}.Release|Any CPU.ActiveCfg = Release|Any CPU
		{E212A21D-FE5B-4E50-9D60-DCF979FF242A}.Release|Any CPU.Build.0 = Release|Any CPU
		{E212A21D-FE5B-4E50-9D60-DCF979FF242A}.Release|ARM.ActiveCfg = Release|Any CPU
		{E212A21D-FE5B-4E50-9D60-DCF979FF242A}.Release|ARM.Build.0 = Release|Any CPU
		{E212A21D-FE5B-4E50-9D60-DCF979FF242A}.Release|x64.ActiveCfg = Release|Any CPU
		{E212A21D-FE5B-4E50-9D60-DCF979FF242A}.Release|x64.Build.0 = Release|Any CPU
		{E212A21D-FE5B-4E50-9D60-DCF979FF242A}.Release|x86.ActiveCfg = Release|Any CPU
		{E212A21D-FE5B-4E50-9D60-DCF979FF242A}.Release|x86.Build.0 = Release|Any CPU
		{C25E03B0-ED03-498D-937E-83FC22AC12BC}.Debug|Any CPU.ActiveCfg = Debug|Any CPU
		{C25E03B0-ED03-498D-937E-83FC22AC12BC}.Debug|Any CPU.Build.0 = Debug|Any CPU
		{C25E03B0-ED03-498D-937E-83FC22AC12BC}.Debug|ARM.ActiveCfg = Debug|Any CPU
		{C25E03B0-ED03-498D-937E-83FC22AC12BC}.Debug|ARM.Build.0 = Debug|Any CPU
		{C25E03B0-ED03-498D-937E-83FC22AC12BC}.Debug|x64.ActiveCfg = Debug|Any CPU
		{C25E03B0-ED03-498D-937E-83FC22AC12BC}.Debug|x64.Build.0 = Debug|Any CPU
		{C25E03B0-ED03-498D-937E-83FC22AC12BC}.Debug|x86.ActiveCfg = Debug|Any CPU
		{C25E03B0-ED03-498D-937E-83FC22AC12BC}.Debug|x86.Build.0 = Debug|Any CPU
		{C25E03B0-ED03-498D-937E-83FC22AC12BC}.Release|Any CPU.ActiveCfg = Release|Any CPU
		{C25E03B0-ED03-498D-937E-83FC22AC12BC}.Release|Any CPU.Build.0 = Release|Any CPU
		{C25E03B0-ED03-498D-937E-83FC22AC12BC}.Release|ARM.ActiveCfg = Release|Any CPU
		{C25E03B0-ED03-498D-937E-83FC22AC12BC}.Release|ARM.Build.0 = Release|Any CPU
		{C25E03B0-ED03-498D-937E-83FC22AC12BC}.Release|x64.ActiveCfg = Release|Any CPU
		{C25E03B0-ED03-498D-937E-83FC22AC12BC}.Release|x64.Build.0 = Release|Any CPU
		{C25E03B0-ED03-498D-937E-83FC22AC12BC}.Release|x86.ActiveCfg = Release|Any CPU
		{C25E03B0-ED03-498D-937E-83FC22AC12BC}.Release|x86.Build.0 = Release|Any CPU
		{609E266A-2BDA-4BBA-AF14-717673A9647F}.Debug|Any CPU.ActiveCfg = Debug|Any CPU
		{609E266A-2BDA-4BBA-AF14-717673A9647F}.Debug|Any CPU.Build.0 = Debug|Any CPU
		{609E266A-2BDA-4BBA-AF14-717673A9647F}.Debug|ARM.ActiveCfg = Debug|Any CPU
		{609E266A-2BDA-4BBA-AF14-717673A9647F}.Debug|ARM.Build.0 = Debug|Any CPU
		{609E266A-2BDA-4BBA-AF14-717673A9647F}.Debug|x64.ActiveCfg = Debug|Any CPU
		{609E266A-2BDA-4BBA-AF14-717673A9647F}.Debug|x64.Build.0 = Debug|Any CPU
		{609E266A-2BDA-4BBA-AF14-717673A9647F}.Debug|x86.ActiveCfg = Debug|Any CPU
		{609E266A-2BDA-4BBA-AF14-717673A9647F}.Debug|x86.Build.0 = Debug|Any CPU
		{609E266A-2BDA-4BBA-AF14-717673A9647F}.Release|Any CPU.ActiveCfg = Release|Any CPU
		{609E266A-2BDA-4BBA-AF14-717673A9647F}.Release|Any CPU.Build.0 = Release|Any CPU
		{609E266A-2BDA-4BBA-AF14-717673A9647F}.Release|ARM.ActiveCfg = Release|Any CPU
		{609E266A-2BDA-4BBA-AF14-717673A9647F}.Release|ARM.Build.0 = Release|Any CPU
		{609E266A-2BDA-4BBA-AF14-717673A9647F}.Release|x64.ActiveCfg = Release|Any CPU
		{609E266A-2BDA-4BBA-AF14-717673A9647F}.Release|x64.Build.0 = Release|Any CPU
		{609E266A-2BDA-4BBA-AF14-717673A9647F}.Release|x86.ActiveCfg = Release|Any CPU
		{609E266A-2BDA-4BBA-AF14-717673A9647F}.Release|x86.Build.0 = Release|Any CPU
		{FCFD2BD9-9D15-4DD5-AF74-FDE4A0CBE9B0}.Debug|Any CPU.ActiveCfg = Debug|Any CPU
		{FCFD2BD9-9D15-4DD5-AF74-FDE4A0CBE9B0}.Debug|Any CPU.Build.0 = Debug|Any CPU
		{FCFD2BD9-9D15-4DD5-AF74-FDE4A0CBE9B0}.Debug|ARM.ActiveCfg = Debug|Any CPU
		{FCFD2BD9-9D15-4DD5-AF74-FDE4A0CBE9B0}.Debug|ARM.Build.0 = Debug|Any CPU
		{FCFD2BD9-9D15-4DD5-AF74-FDE4A0CBE9B0}.Debug|x64.ActiveCfg = Debug|Any CPU
		{FCFD2BD9-9D15-4DD5-AF74-FDE4A0CBE9B0}.Debug|x64.Build.0 = Debug|Any CPU
		{FCFD2BD9-9D15-4DD5-AF74-FDE4A0CBE9B0}.Debug|x86.ActiveCfg = Debug|Any CPU
		{FCFD2BD9-9D15-4DD5-AF74-FDE4A0CBE9B0}.Debug|x86.Build.0 = Debug|Any CPU
		{FCFD2BD9-9D15-4DD5-AF74-FDE4A0CBE9B0}.Release|Any CPU.ActiveCfg = Release|Any CPU
		{FCFD2BD9-9D15-4DD5-AF74-FDE4A0CBE9B0}.Release|Any CPU.Build.0 = Release|Any CPU
		{FCFD2BD9-9D15-4DD5-AF74-FDE4A0CBE9B0}.Release|ARM.ActiveCfg = Release|Any CPU
		{FCFD2BD9-9D15-4DD5-AF74-FDE4A0CBE9B0}.Release|ARM.Build.0 = Release|Any CPU
		{FCFD2BD9-9D15-4DD5-AF74-FDE4A0CBE9B0}.Release|x64.ActiveCfg = Release|Any CPU
		{FCFD2BD9-9D15-4DD5-AF74-FDE4A0CBE9B0}.Release|x64.Build.0 = Release|Any CPU
		{FCFD2BD9-9D15-4DD5-AF74-FDE4A0CBE9B0}.Release|x86.ActiveCfg = Release|Any CPU
		{FCFD2BD9-9D15-4DD5-AF74-FDE4A0CBE9B0}.Release|x86.Build.0 = Release|Any CPU
	EndGlobalSection
	GlobalSection(SolutionProperties) = preSolution
		HideSolutionNode = FALSE
	EndGlobalSection
	GlobalSection(NestedProjects) = preSolution
		{E7CEB301-3A34-49D2-AA69-E3963DD1AC21} = {F3A714C8-2F67-4D68-AB27-B38C9A66E003}
		{F5DBBC65-F7D3-4A0D-8A9F-3DAFD3DEB7ED} = {C6FBF87E-C3A1-4656-B435-B3DECDEF885D}
		{5BF0EE4E-8220-4E2A-AF99-53246FF970A2} = {59AC42EA-D105-4CF9-81EE-85C1092F6649}
		{E276A704-D582-4CA9-9A27-5F324371F4D5} = {59AC42EA-D105-4CF9-81EE-85C1092F6649}
		{DC985DCF-9F2D-405F-BBC8-CDAF33537B9D} = {59AC42EA-D105-4CF9-81EE-85C1092F6649}
		{09BB258F-4A86-4546-A2A6-BB5E6F2DB67F} = {59AC42EA-D105-4CF9-81EE-85C1092F6649}
		{B42DA179-3976-44A1-A54F-0B5E0046DDBC} = {59AC42EA-D105-4CF9-81EE-85C1092F6649}
		{47E80563-D3E6-4039-BD2B-63480BBD0525} = {F3A714C8-2F67-4D68-AB27-B38C9A66E003}
		{4D004F37-3F66-49CC-8614-AFCAB9606B6C} = {C6FBF87E-C3A1-4656-B435-B3DECDEF885D}
		{892A652C-CEE9-4641-A9D7-FF4828A648A5} = {C6FBF87E-C3A1-4656-B435-B3DECDEF885D}
		{DB81988F-E0F2-45A0-A1FD-8C37F3D35244} = {892A652C-CEE9-4641-A9D7-FF4828A648A5}
		{BA72CCE0-A9FB-4995-B496-7FEC5C87B85B} = {892A652C-CEE9-4641-A9D7-FF4828A648A5}
		{89286EB4-B4A1-418C-839A-067B00F442D8} = {892A652C-CEE9-4641-A9D7-FF4828A648A5}
		{B3FC3E21-5F2D-4581-AEA2-59F671CFFC21} = {892A652C-CEE9-4641-A9D7-FF4828A648A5}
		{3C423BD0-608D-4EF6-AB51-A8A0E64FA18B} = {C6FBF87E-C3A1-4656-B435-B3DECDEF885D}
		{63648392-6CE9-4A60-96D4-F9FD718D29B0} = {3C423BD0-608D-4EF6-AB51-A8A0E64FA18B}
		{72E591D6-8F83-4D8C-8F67-9C325E623234} = {3C423BD0-608D-4EF6-AB51-A8A0E64FA18B}
		{B2F22A0D-FE3B-4773-B030-208096900E7D} = {E5EF58E7-7494-4101-AC8D-6E9E57BD4AFB}
		{24D21FC0-59B8-4208-AA1D-1B30D3F3C101} = {E5EF58E7-7494-4101-AC8D-6E9E57BD4AFB}
		{4CAC5654-E023-49E3-A5C0-AD3F919CEB59} = {F3A714C8-2F67-4D68-AB27-B38C9A66E003}
		{E212A21D-FE5B-4E50-9D60-DCF979FF242A} = {59AC42EA-D105-4CF9-81EE-85C1092F6649}
		{C25E03B0-ED03-498D-937E-83FC22AC12BC} = {59AC42EA-D105-4CF9-81EE-85C1092F6649}
		{609E266A-2BDA-4BBA-AF14-717673A9647F} = {59AC42EA-D105-4CF9-81EE-85C1092F6649}
		{FCFD2BD9-9D15-4DD5-AF74-FDE4A0CBE9B0} = {59AC42EA-D105-4CF9-81EE-85C1092F6649}
	EndGlobalSection
EndGlobal
